
Microsoft Visual Studio Solution File, Format Version 12.00
# Visual Studio Version 17
VisualStudioVersion = 17.10.35013.160
MinimumVisualStudioVersion = 10.0.40219.1
Project("{FAE04EC0-301F-11D3-BF4B-00C04F79EFBC}") = "opt", "opt\opt.csproj", "{DCA12859-6926-4B85-92ED-8352D75AC368}"
EndProject
Global
	GlobalSection(SolutionConfigurationPlatforms) = preSolution
		Debug|Any CPU = Debug|Any CPU
		Release|Any CPU = Release|Any CPU
	EndGlobalSection
	GlobalSection(ProjectConfigurationPlatforms) = postSolution
		{DCA12859-6926-4B85-92ED-8352D75AC368}.Debug|Any CPU.ActiveCfg = Debug|Any CPU
		{DCA12859-6926-4B85-92ED-8352D75AC368}.Debug|Any CPU.Build.0 = Debug|Any CPU
		{DCA12859-6926-4B85-92ED-8352D75AC368}.Release|Any CPU.ActiveCfg = Release|Any CPU
		{DCA12859-6926-4B85-92ED-8352D75AC368}.Release|Any CPU.Build.0 = Release|Any CPU
	EndGlobalSection
	GlobalSection(SolutionProperties) = preSolution
		HideSolutionNode = FALSE
	EndGlobalSection
	GlobalSection(ExtensibilityGlobals) = postSolution
		SolutionGuid = {088AC7EF-C26E-44CF-AC68-BA7639929CC5}
	EndGlobalSection
EndGlobal
